
Microsoft Visual Studio Solution File, Format Version 12.00
# Visual Studio Version 17
VisualStudioVersion = 17.13.36105.23
MinimumVisualStudioVersion = 10.0.40219.1
Project("{FAE04EC0-301F-11D3-BF4B-00C04F79EFBC}") = "DrugPrevention.Repositories.QuangTNV", "DrugPrevention.Repositories.QuangTNV\DrugPrevention.Repositories.QuangTNV.csproj", "{2A5E22D7-7FC5-4B63-AACC-127C060413D6}"
EndProject
Project("{FAE04EC0-301F-11D3-BF4B-00C04F79EFBC}") = "DrugPrevention.Services.QuangTNV", "DrugPrevention.Services.QuangTNV\DrugPrevention.Services.QuangTNV.csproj", "{52AABB6B-C649-4DF3-87CD-E23DB351CE26}"
EndProject
Project("{FAE04EC0-301F-11D3-BF4B-00C04F79EFBC}") = "DrugPrevention.RazorWebApp.QuangTNV", "DrugPrevention.RazorWebApp.QuangTNV\DrugPrevention.RazorWebApp.QuangTNV.csproj", "{2B51D728-60DA-4F36-82CC-7BDD3BE279AA}"
EndProject
Global
	GlobalSection(SolutionConfigurationPlatforms) = preSolution
		Debug|Any CPU = Debug|Any CPU
		Release|Any CPU = Release|Any CPU
	EndGlobalSection
	GlobalSection(ProjectConfigurationPlatforms) = postSolution
		{2A5E22D7-7FC5-4B63-AACC-127C060413D6}.Debug|Any CPU.ActiveCfg = Debug|Any CPU
		{2A5E22D7-7FC5-4B63-AACC-127C060413D6}.Debug|Any CPU.Build.0 = Debug|Any CPU
		{2A5E22D7-7FC5-4B63-AACC-127C060413D6}.Release|Any CPU.ActiveCfg = Release|Any CPU
		{2A5E22D7-7FC5-4B63-AACC-127C060413D6}.Release|Any CPU.Build.0 = Release|Any CPU
		{52AABB6B-C649-4DF3-87CD-E23DB351CE26}.Debug|Any CPU.ActiveCfg = Debug|Any CPU
		{52AABB6B-C649-4DF3-87CD-E23DB351CE26}.Debug|Any CPU.Build.0 = Debug|Any CPU
		{52AABB6B-C649-4DF3-87CD-E23DB351CE26}.Release|Any CPU.ActiveCfg = Release|Any CPU
		{52AABB6B-C649-4DF3-87CD-E23DB351CE26}.Release|Any CPU.Build.0 = Release|Any CPU
		{2B51D728-60DA-4F36-82CC-7BDD3BE279AA}.Debug|Any CPU.ActiveCfg = Debug|Any CPU
		{2B51D728-60DA-4F36-82CC-7BDD3BE279AA}.Debug|Any CPU.Build.0 = Debug|Any CPU
		{2B51D728-60DA-4F36-82CC-7BDD3BE279AA}.Release|Any CPU.ActiveCfg = Release|Any CPU
		{2B51D728-60DA-4F36-82CC-7BDD3BE279AA}.Release|Any CPU.Build.0 = Release|Any CPU
	EndGlobalSection
	GlobalSection(SolutionProperties) = preSolution
		HideSolutionNode = FALSE
	EndGlobalSection
	GlobalSection(ExtensibilityGlobals) = postSolution
		SolutionGuid = {0BBEF2CE-E220-4FD6-B2EC-55963D3B0675}
	EndGlobalSection
EndGlobal
